
Microsoft Visual Studio Solution File, Format Version 11.00
# Visual Studio 2010
Project("{FAE04EC0-301F-11D3-BF4B-00C04F79EFBC}") = "HW3 Blastor", "Assembly-CSharp.csproj", "{FC01DC8D-5767-6F8E-7CA9-65AF4B2646D6}"
EndProject
Global
	GlobalSection(SolutionConfigurationPlatforms) = preSolution
		Debug|Any CPU = Debug|Any CPU
		Release|Any CPU = Release|Any CPU
	EndGlobalSection
	GlobalSection(ProjectConfigurationPlatforms) = postSolution
		{FC01DC8D-5767-6F8E-7CA9-65AF4B2646D6}.Debug|Any CPU.ActiveCfg = Debug|Any CPU
		{FC01DC8D-5767-6F8E-7CA9-65AF4B2646D6}.Debug|Any CPU.Build.0 = Debug|Any CPU
		{FC01DC8D-5767-6F8E-7CA9-65AF4B2646D6}.Release|Any CPU.ActiveCfg = Release|Any CPU
		{FC01DC8D-5767-6F8E-7CA9-65AF4B2646D6}.Release|Any CPU.Build.0 = Release|Any CPU
	EndGlobalSection
	GlobalSection(SolutionProperties) = preSolution
		HideSolutionNode = FALSE
	EndGlobalSection
	GlobalSection(MonoDevelopProperties) = preSolution
		StartupItem = Assembly-CSharp.csproj
	EndGlobalSection
EndGlobal
